{
  "name": "reflint-vscode",
  "version": "0.2.0",
  "lockfileVersion": 3,
  "requires": true,
  "packages": {
    "": {
      "name": "reflint-vscode",
      "version": "0.2.0",
      "license": "MIT",
      "dependencies": {
        "@hyuga/reflint": "^0.10.0"
      },
      "engines": {
        "vscode": "^1.75.0"
      }
    },
    "node_modules/@hyuga/reflint": {
      "version": "0.10.0",
      "resolved": "https://registry.npmjs.org/@hyuga/reflint/-/reflint-0.10.0.tgz",
      "integrity": "sha512-Xv2quaZCNQRPWEwqkkwNsASdUfwSsl3QG0MXDekvjC1MYV7Vy5+Jdwo1w0U+JQYidMRLNxjwdtSxSiwixPBHKg==",
      "license": "MIT",
      "bin": {
        "reflint": "src/check.mjs"
      },
      "engines": {
        "node": ">=18"
      }
    }
  }
}
