{
  "name": "reflint-vscode",
  "version": "0.1.0",
  "lockfileVersion": 3,
  "requires": true,
  "packages": {
    "": {
      "name": "reflint-vscode",
      "version": "0.1.0",
      "license": "MIT",
      "dependencies": {
        "@hyuga/reflint": "^0.5.1"
      },
      "engines": {
        "vscode": "^1.75.0"
      }
    },
    "node_modules/@hyuga/reflint": {
      "version": "0.5.1",
      "resolved": "https://registry.npmjs.org/@hyuga/reflint/-/reflint-0.5.1.tgz",
      "integrity": "sha512-RXi8b7AqR041L4n6jXZg9LBrqxcE4zVo8jArPZ/ZogsOhujRYmGFvmJ+Scd9Wv2xNtFPgPp2ACNVpuaMfRj0rA==",
      "license": "MIT",
      "bin": {
        "reflint": "src/check.mjs"
      }
    }
  }
}
